// !$*UTF8*$!
{
	archiveVersion = 1;
	classes = {
	};
	objectVersion = 51;
	objects = {

/* Begin PBXBuildFile section */
		728074D2631089E5C8CD55DF /* QuizResultViewController.swift in Sources */ = {isa = PBXBuildFile; fileRef = 72807DA21B2BEED01C4142D9 /* QuizResultViewController.swift */; };
		72807817D72B06D0AA223C5B /* QuestionTrackerView.swift in Sources */ = {isa = PBXBuildFile; fileRef = 72807A77098D8D01C62475C7 /* QuestionTrackerView.swift */; };
		7280793BC323CF097AC51E8D /* QuestionViewController.swift in Sources */ = {isa = PBXBuildFile; fileRef = 7280711E7320E630382A5A22 /* QuestionViewController.swift */; };
		78EA4518FD75C8C8E25EB490 /* Pods_QuizApp.framework in Frameworks */ = {isa = PBXBuildFile; fileRef = 8583A4E120B9A5E980510190 /* Pods_QuizApp.framework */; };
		F644E832264454A300A1E84F /* DataService.swift in Sources */ = {isa = PBXBuildFile; fileRef = F644E82B264454A300A1E84F /* DataService.swift */; };
		F644E833264454A300A1E84F /* QuizCategory.swift in Sources */ = {isa = PBXBuildFile; fileRef = F644E82D264454A300A1E84F /* QuizCategory.swift */; };
		F644E834264454A300A1E84F /* Question.swift in Sources */ = {isa = PBXBuildFile; fileRef = F644E82E264454A300A1E84F /* Question.swift */; };
		F644E835264454A300A1E84F /* LoginStatus.swift in Sources */ = {isa = PBXBuildFile; fileRef = F644E82F264454A300A1E84F /* LoginStatus.swift */; };
		F644E836264454A300A1E84F /* Quiz.swift in Sources */ = {isa = PBXBuildFile; fileRef = F644E830264454A300A1E84F /* Quiz.swift */; };
		F644E837264454A300A1E84F /* DataServiceProtocol.swift in Sources */ = {isa = PBXBuildFile; fileRef = F644E831264454A300A1E84F /* DataServiceProtocol.swift */; };
		F644E8392645919A00A1E84F /* AppRouter.swift in Sources */ = {isa = PBXBuildFile; fileRef = F644E8382645919A00A1E84F /* AppRouter.swift */; };
		F644E83C26459B2400A1E84F /* QuizViewController.swift in Sources */ = {isa = PBXBuildFile; fileRef = F644E83B26459B2400A1E84F /* QuizViewController.swift */; };
		F644E83E2645DD2600A1E84F /* SettingsViewController.swift in Sources */ = {isa = PBXBuildFile; fileRef = F644E83D2645DD2600A1E84F /* SettingsViewController.swift */; };
		F644E8412645E50900A1E84F /* settings.png in Resources */ = {isa = PBXBuildFile; fileRef = F644E8402645E50900A1E84F /* settings.png */; };
		F644E8432645E51A00A1E84F /* quizzes.png in Resources */ = {isa = PBXBuildFile; fileRef = F644E8422645E51A00A1E84F /* quizzes.png */; };
		F66000CC262204E900F99995 /* LoginViewController.swift in Sources */ = {isa = PBXBuildFile; fileRef = F66000CA262204E900F99995 /* LoginViewController.swift */; };
		F66000CD262204E900F99995 /* LoginViewController.xib in Resources */ = {isa = PBXBuildFile; fileRef = F66000CB262204E900F99995 /* LoginViewController.xib */; };
		F6BEF4032623966000CC82BD /* QuizzesViewController.swift in Sources */ = {isa = PBXBuildFile; fileRef = F6BEF4012623966000CC82BD /* QuizzesViewController.swift */; };
		F6BEF4172624B39600CC82BD /* QuizzTableViewCell.swift in Sources */ = {isa = PBXBuildFile; fileRef = F6BEF4152624B39600CC82BD /* QuizzTableViewCell.swift */; };
		F6BEF4272624FB9100CC82BD /* QuizzesTableSectionHeaderView.swift in Sources */ = {isa = PBXBuildFile; fileRef = F6BEF4262624FB9100CC82BD /* QuizzesTableSectionHeaderView.swift */; };
		F6BEF434262504ED00CC82BD /* questionmark.png in Resources */ = {isa = PBXBuildFile; fileRef = F6BEF433262504ED00CC82BD /* questionmark.png */; };
		F6FDC9362621BCBA00644B53 /* AppDelegate.swift in Sources */ = {isa = PBXBuildFile; fileRef = F6FDC9352621BCBA00644B53 /* AppDelegate.swift */; };
		F6FDC9382621BCBA00644B53 /* SceneDelegate.swift in Sources */ = {isa = PBXBuildFile; fileRef = F6FDC9372621BCBA00644B53 /* SceneDelegate.swift */; };
		F6FDC93A2621BCBA00644B53 /* ViewController.swift in Sources */ = {isa = PBXBuildFile; fileRef = F6FDC9392621BCBA00644B53 /* ViewController.swift */; };
		F6FDC93D2621BCBA00644B53 /* Main.storyboard in Resources */ = {isa = PBXBuildFile; fileRef = F6FDC93B2621BCBA00644B53 /* Main.storyboard */; };
		F6FDC93F2621BCBD00644B53 /* Assets.xcassets in Resources */ = {isa = PBXBuildFile; fileRef = F6FDC93E2621BCBD00644B53 /* Assets.xcassets */; };
		F6FDC9422621BCBD00644B53 /* LaunchScreen.storyboard in Resources */ = {isa = PBXBuildFile; fileRef = F6FDC9402621BCBD00644B53 /* LaunchScreen.storyboard */; };
/* End PBXBuildFile section */

/* Begin PBXFileReference section */
		3414FABEDF0A1F68FC7DE909 /* Pods-QuizApp.debug.xcconfig */ = {isa = PBXFileReference; includeInIndex = 1; lastKnownFileType = text.xcconfig; name = "Pods-QuizApp.debug.xcconfig"; path = "Target Support Files/Pods-QuizApp/Pods-QuizApp.debug.xcconfig"; sourceTree = "<group>"; };
		7280711E7320E630382A5A22 /* QuestionViewController.swift */ = {isa = PBXFileReference; fileEncoding = 4; lastKnownFileType = sourcecode.swift; path = QuestionViewController.swift; sourceTree = "<group>"; };
		72807A77098D8D01C62475C7 /* QuestionTrackerView.swift */ = {isa = PBXFileReference; fileEncoding = 4; lastKnownFileType = sourcecode.swift; path = QuestionTrackerView.swift; sourceTree = "<group>"; };
		72807DA21B2BEED01C4142D9 /* QuizResultViewController.swift */ = {isa = PBXFileReference; fileEncoding = 4; lastKnownFileType = sourcecode.swift; path = QuizResultViewController.swift; sourceTree = "<group>"; };
		8583A4E120B9A5E980510190 /* Pods_QuizApp.framework */ = {isa = PBXFileReference; explicitFileType = wrapper.framework; includeInIndex = 0; path = Pods_QuizApp.framework; sourceTree = BUILT_PRODUCTS_DIR; };
		D8557CAC6A9C8BE7562F3146 /* Pods-QuizApp.release.xcconfig */ = {isa = PBXFileReference; includeInIndex = 1; lastKnownFileType = text.xcconfig; name = "Pods-QuizApp.release.xcconfig"; path = "Target Support Files/Pods-QuizApp/Pods-QuizApp.release.xcconfig"; sourceTree = "<group>"; };
		F644E82B264454A300A1E84F /* DataService.swift */ = {isa = PBXFileReference; fileEncoding = 4; lastKnownFileType = sourcecode.swift; path = DataService.swift; sourceTree = "<group>"; };
		F644E82D264454A300A1E84F /* QuizCategory.swift */ = {isa = PBXFileReference; fileEncoding = 4; lastKnownFileType = sourcecode.swift; path = QuizCategory.swift; sourceTree = "<group>"; };
		F644E82E264454A300A1E84F /* Question.swift */ = {isa = PBXFileReference; fileEncoding = 4; lastKnownFileType = sourcecode.swift; path = Question.swift; sourceTree = "<group>"; };
		F644E82F264454A300A1E84F /* LoginStatus.swift */ = {isa = PBXFileReference; fileEncoding = 4; lastKnownFileType = sourcecode.swift; path = LoginStatus.swift; sourceTree = "<group>"; };
		F644E830264454A300A1E84F /* Quiz.swift */ = {isa = PBXFileReference; fileEncoding = 4; lastKnownFileType = sourcecode.swift; path = Quiz.swift; sourceTree = "<group>"; };
		F644E831264454A300A1E84F /* DataServiceProtocol.swift */ = {isa = PBXFileReference; fileEncoding = 4; lastKnownFileType = sourcecode.swift; path = DataServiceProtocol.swift; sourceTree = "<group>"; };
		F644E8382645919A00A1E84F /* AppRouter.swift */ = {isa = PBXFileReference; lastKnownFileType = sourcecode.swift; path = AppRouter.swift; sourceTree = "<group>"; };
		F644E83B26459B2400A1E84F /* QuizViewController.swift */ = {isa = PBXFileReference; lastKnownFileType = sourcecode.swift; path = QuizViewController.swift; sourceTree = "<group>"; };
		F644E83D2645DD2600A1E84F /* SettingsViewController.swift */ = {isa = PBXFileReference; lastKnownFileType = sourcecode.swift; path = SettingsViewController.swift; sourceTree = "<group>"; };
		F644E8402645E50900A1E84F /* settings.png */ = {isa = PBXFileReference; lastKnownFileType = image.png; path = settings.png; sourceTree = "<group>"; };
		F644E8422645E51A00A1E84F /* quizzes.png */ = {isa = PBXFileReference; lastKnownFileType = image.png; path = quizzes.png; sourceTree = "<group>"; };
		F66000CA262204E900F99995 /* LoginViewController.swift */ = {isa = PBXFileReference; lastKnownFileType = sourcecode.swift; path = LoginViewController.swift; sourceTree = "<group>"; };
		F66000CB262204E900F99995 /* LoginViewController.xib */ = {isa = PBXFileReference; lastKnownFileType = file.xib; path = LoginViewController.xib; sourceTree = "<group>"; };
		F6BEF4012623966000CC82BD /* QuizzesViewController.swift */ = {isa = PBXFileReference; lastKnownFileType = sourcecode.swift; path = QuizzesViewController.swift; sourceTree = "<group>"; };
		F6BEF4152624B39600CC82BD /* QuizzTableViewCell.swift */ = {isa = PBXFileReference; lastKnownFileType = sourcecode.swift; path = QuizzTableViewCell.swift; sourceTree = "<group>"; };
		F6BEF4262624FB9100CC82BD /* QuizzesTableSectionHeaderView.swift */ = {isa = PBXFileReference; lastKnownFileType = sourcecode.swift; path = QuizzesTableSectionHeaderView.swift; sourceTree = "<group>"; };
		F6BEF433262504ED00CC82BD /* questionmark.png */ = {isa = PBXFileReference; lastKnownFileType = image.png; name = questionmark.png; path = ../../../../../../Downloads/questionmark.png; sourceTree = "<group>"; };
		F6FDC9322621BCBA00644B53 /* QuizApp.app */ = {isa = PBXFileReference; explicitFileType = wrapper.application; includeInIndex = 0; path = QuizApp.app; sourceTree = BUILT_PRODUCTS_DIR; };
		F6FDC9352621BCBA00644B53 /* AppDelegate.swift */ = {isa = PBXFileReference; lastKnownFileType = sourcecode.swift; path = AppDelegate.swift; sourceTree = "<group>"; };
		F6FDC9372621BCBA00644B53 /* SceneDelegate.swift */ = {isa = PBXFileReference; lastKnownFileType = sourcecode.swift; path = SceneDelegate.swift; sourceTree = "<group>"; };
		F6FDC9392621BCBA00644B53 /* ViewController.swift */ = {isa = PBXFileReference; lastKnownFileType = sourcecode.swift; path = ViewController.swift; sourceTree = "<group>"; };
		F6FDC93C2621BCBA00644B53 /* Base */ = {isa = PBXFileReference; lastKnownFileType = file.storyboard; name = Base; path = Base.lproj/Main.storyboard; sourceTree = "<group>"; };
		F6FDC93E2621BCBD00644B53 /* Assets.xcassets */ = {isa = PBXFileReference; lastKnownFileType = folder.assetcatalog; path = Assets.xcassets; sourceTree = "<group>"; };
		F6FDC9412621BCBD00644B53 /* Base */ = {isa = PBXFileReference; lastKnownFileType = file.storyboard; name = Base; path = Base.lproj/LaunchScreen.storyboard; sourceTree = "<group>"; };
		F6FDC9432621BCBD00644B53 /* Info.plist */ = {isa = PBXFileReference; lastKnownFileType = text.plist.xml; path = Info.plist; sourceTree = "<group>"; };
/* End PBXFileReference section */

/* Begin PBXFrameworksBuildPhase section */
		F6FDC92F2621BCBA00644B53 /* Frameworks */ = {
			isa = PBXFrameworksBuildPhase;
			buildActionMask = 2147483647;
			files = (
				78EA4518FD75C8C8E25EB490 /* Pods_QuizApp.framework in Frameworks */,
			);
			runOnlyForDeploymentPostprocessing = 0;
		};
/* End PBXFrameworksBuildPhase section */

/* Begin PBXGroup section */
		46A1E98DEE9EE5608E30BE11 /* Pods */ = {
			isa = PBXGroup;
			children = (
				3414FABEDF0A1F68FC7DE909 /* Pods-QuizApp.debug.xcconfig */,
				D8557CAC6A9C8BE7562F3146 /* Pods-QuizApp.release.xcconfig */,
			);
			path = Pods;
			sourceTree = "<group>";
		};
		6530413B957A8E1A8D9677E8 /* Frameworks */ = {
			isa = PBXGroup;
			children = (
				8583A4E120B9A5E980510190 /* Pods_QuizApp.framework */,
			);
			name = Frameworks;
			sourceTree = "<group>";
		};
		728074C039DE1716BA29E425 /* SettingsView */ = {
			isa = PBXGroup;
			children = (
				F644E83D2645DD2600A1E84F /* SettingsViewController.swift */,
			);
			path = SettingsView;
			sourceTree = "<group>";
		};
		F644E82A264454A300A1E84F /* Data */ = {
			isa = PBXGroup;
			children = (
				F644E82B264454A300A1E84F /* DataService.swift */,
				F644E82C264454A300A1E84F /* Models */,
				F644E831264454A300A1E84F /* DataServiceProtocol.swift */,
			);
			path = Data;
			sourceTree = "<group>";
		};
		F644E82C264454A300A1E84F /* Models */ = {
			isa = PBXGroup;
			children = (
				F644E82D264454A300A1E84F /* QuizCategory.swift */,
				F644E82E264454A300A1E84F /* Question.swift */,
				F644E82F264454A300A1E84F /* LoginStatus.swift */,
				F644E830264454A300A1E84F /* Quiz.swift */,
			);
			path = Models;
			sourceTree = "<group>";
		};
		F644E83A26459B1200A1E84F /* QuizView */ = {
			isa = PBXGroup;
			children = (
				F644E83B26459B2400A1E84F /* QuizViewController.swift */,
				7280711E7320E630382A5A22 /* QuestionViewController.swift */,
				72807DA21B2BEED01C4142D9 /* QuizResultViewController.swift */,
				72807A77098D8D01C62475C7 /* QuestionTrackerView.swift */,
			);
			path = QuizView;
			sourceTree = "<group>";
		};
		F644E83F2645E4FE00A1E84F /* navigation */ = {
			isa = PBXGroup;
			children = (
				F644E8422645E51A00A1E84F /* quizzes.png */,
				F644E8402645E50900A1E84F /* settings.png */,
			);
			path = navigation;
			sourceTree = "<group>";
		};
		F66000CF262204F800F99995 /* LoginView */ = {
			isa = PBXGroup;
			children = (
				F66000CA262204E900F99995 /* LoginViewController.swift */,
				F66000CB262204E900F99995 /* LoginViewController.xib */,
			);
			path = LoginView;
			sourceTree = "<group>";
		};
		F6BEF4002623964B00CC82BD /* QuizzesView */ = {
			isa = PBXGroup;
			children = (
				F6BEF4012623966000CC82BD /* QuizzesViewController.swift */,
				F6BEF4152624B39600CC82BD /* QuizzTableViewCell.swift */,
				F6BEF4262624FB9100CC82BD /* QuizzesTableSectionHeaderView.swift */,
			);
			path = QuizzesView;
			sourceTree = "<group>";
		};
		F6BEF41B2624F6D700CC82BD /* images */ = {
			isa = PBXGroup;
			children = (
				F644E83F2645E4FE00A1E84F /* navigation */,
				F6BEF433262504ED00CC82BD /* questionmark.png */,
			);
			path = images;
			sourceTree = "<group>";
		};
		F6FDC9292621BCBA00644B53 = {
			isa = PBXGroup;
			children = (
				F6FDC9342621BCBA00644B53 /* QuizApp */,
				F6FDC9332621BCBA00644B53 /* Products */,
				46A1E98DEE9EE5608E30BE11 /* Pods */,
				6530413B957A8E1A8D9677E8 /* Frameworks */,
			);
			sourceTree = "<group>";
		};
		F6FDC9332621BCBA00644B53 /* Products */ = {
			isa = PBXGroup;
			children = (
				F6FDC9322621BCBA00644B53 /* QuizApp.app */,
			);
			name = Products;
			sourceTree = "<group>";
		};
		F6FDC9342621BCBA00644B53 /* QuizApp */ = {
			isa = PBXGroup;
			children = (
				F644E83A26459B1200A1E84F /* QuizView */,
				F644E82A264454A300A1E84F /* Data */,
				F6BEF41B2624F6D700CC82BD /* images */,
				F6BEF4002623964B00CC82BD /* QuizzesView */,
				F6FDC9352621BCBA00644B53 /* AppDelegate.swift */,
				F6FDC9372621BCBA00644B53 /* SceneDelegate.swift */,
				F6FDC9392621BCBA00644B53 /* ViewController.swift */,
				F66000CF262204F800F99995 /* LoginView */,
				F6FDC93B2621BCBA00644B53 /* Main.storyboard */,
				F6FDC93E2621BCBD00644B53 /* Assets.xcassets */,
				F6FDC9402621BCBD00644B53 /* LaunchScreen.storyboard */,
				F6FDC9432621BCBD00644B53 /* Info.plist */,
				F644E8382645919A00A1E84F /* AppRouter.swift */,
				728074C039DE1716BA29E425 /* SettingsView */,
			);
			path = QuizApp;
			sourceTree = "<group>";
		};
/* End PBXGroup section */

/* Begin PBXNativeTarget section */
		F6FDC9312621BCBA00644B53 /* QuizApp */ = {
			isa = PBXNativeTarget;
			buildConfigurationList = F6FDC9462621BCBD00644B53 /* Build configuration list for PBXNativeTarget "QuizApp" */;
			buildPhases = (
				9D4389B86D63F3955E7659C4 /* [CP] Check Pods Manifest.lock */,
				F6FDC92E2621BCBA00644B53 /* Sources */,
				F6FDC92F2621BCBA00644B53 /* Frameworks */,
				F6FDC9302621BCBA00644B53 /* Resources */,
				EB24D33C997B91A6F0353283 /* [CP] Embed Pods Frameworks */,
			);
			buildRules = (
			);
			dependencies = (
			);
			name = QuizApp;
			productName = QuizApp;
			productReference = F6FDC9322621BCBA00644B53 /* QuizApp.app */;
			productType = "com.apple.product-type.application";
		};
/* End PBXNativeTarget section */

/* Begin PBXProject section */
		F6FDC92A2621BCBA00644B53 /* Project object */ = {
			isa = PBXProject;
			attributes = {
				LastSwiftUpdateCheck = 1240;
				LastUpgradeCheck = 1240;
				TargetAttributes = {
					F6FDC9312621BCBA00644B53 = {
						CreatedOnToolsVersion = 12.4;
					};
				};
			};
			buildConfigurationList = F6FDC92D2621BCBA00644B53 /* Build configuration list for PBXProject "QuizApp" */;
			compatibilityVersion = "Xcode 9.3";
			developmentRegion = en;
			hasScannedForEncodings = 0;
			knownRegions = (
				en,
				Base,
			);
			mainGroup = F6FDC9292621BCBA00644B53;
			productRefGroup = F6FDC9332621BCBA00644B53 /* Products */;
			projectDirPath = "";
			projectRoot = "";
			targets = (
				F6FDC9312621BCBA00644B53 /* QuizApp */,
			);
		};
/* End PBXProject section */

/* Begin PBXResourcesBuildPhase section */
		F6FDC9302621BCBA00644B53 /* Resources */ = {
			isa = PBXResourcesBuildPhase;
			buildActionMask = 2147483647;
			files = (
				F66000CD262204E900F99995 /* LoginViewController.xib in Resources */,
				F644E8432645E51A00A1E84F /* quizzes.png in Resources */,
				F6FDC9422621BCBD00644B53 /* LaunchScreen.storyboard in Resources */,
				F644E8412645E50900A1E84F /* settings.png in Resources */,
				F6FDC93F2621BCBD00644B53 /* Assets.xcassets in Resources */,
				F6BEF434262504ED00CC82BD /* questionmark.png in Resources */,
				F6FDC93D2621BCBA00644B53 /* Main.storyboard in Resources */,
			);
			runOnlyForDeploymentPostprocessing = 0;
		};
/* End PBXResourcesBuildPhase section */

/* Begin PBXShellScriptBuildPhase section */
		9D4389B86D63F3955E7659C4 /* [CP] Check Pods Manifest.lock */ = {
			isa = PBXShellScriptBuildPhase;
			buildActionMask = 2147483647;
			files = (
			);
			inputFileListPaths = (
			);
			inputPaths = (
				"${PODS_PODFILE_DIR_PATH}/Podfile.lock",
				"${PODS_ROOT}/Manifest.lock",
			);
			name = "[CP] Check Pods Manifest.lock";
			outputFileListPaths = (
			);
			outputPaths = (
				"$(DERIVED_FILE_DIR)/Pods-QuizApp-checkManifestLockResult.txt",
			);
			runOnlyForDeploymentPostprocessing = 0;
			shellPath = /bin/sh;
			shellScript = "diff \"${PODS_PODFILE_DIR_PATH}/Podfile.lock\" \"${PODS_ROOT}/Manifest.lock\" > /dev/null\nif [ $? != 0 ] ; then\n    # print error to STDERR\n    echo \"error: The sandbox is not in sync with the Podfile.lock. Run 'pod install' or update your CocoaPods installation.\" >&2\n    exit 1\nfi\n# This output is used by Xcode 'outputs' to avoid re-running this script phase.\necho \"SUCCESS\" > \"${SCRIPT_OUTPUT_FILE_0}\"\n";
			showEnvVarsInLog = 0;
		};
		EB24D33C997B91A6F0353283 /* [CP] Embed Pods Frameworks */ = {
			isa = PBXShellScriptBuildPhase;
			buildActionMask = 2147483647;
			files = (
			);
			inputFileListPaths = (
				"${PODS_ROOT}/Target Support Files/Pods-QuizApp/Pods-QuizApp-frameworks-${CONFIGURATION}-input-files.xcfilelist",
			);
			name = "[CP] Embed Pods Frameworks";
			outputFileListPaths = (
				"${PODS_ROOT}/Target Support Files/Pods-QuizApp/Pods-QuizApp-frameworks-${CONFIGURATION}-output-files.xcfilelist",
			);
			runOnlyForDeploymentPostprocessing = 0;
			shellPath = /bin/sh;
			shellScript = "\"${PODS_ROOT}/Target Support Files/Pods-QuizApp/Pods-QuizApp-frameworks.sh\"\n";
			showEnvVarsInLog = 0;
		};
/* End PBXShellScriptBuildPhase section */

/* Begin PBXSourcesBuildPhase section */
		F6FDC92E2621BCBA00644B53 /* Sources */ = {
			isa = PBXSourcesBuildPhase;
			buildActionMask = 2147483647;
			files = (
				F644E833264454A300A1E84F /* QuizCategory.swift in Sources */,
				F644E835264454A300A1E84F /* LoginStatus.swift in Sources */,
				F644E8392645919A00A1E84F /* AppRouter.swift in Sources */,
				F644E832264454A300A1E84F /* DataService.swift in Sources */,
				F66000CC262204E900F99995 /* LoginViewController.swift in Sources */,
				F644E83E2645DD2600A1E84F /* SettingsViewController.swift in Sources */,
				F6FDC93A2621BCBA00644B53 /* ViewController.swift in Sources */,
				F644E83C26459B2400A1E84F /* QuizViewController.swift in Sources */,
				F6FDC9362621BCBA00644B53 /* AppDelegate.swift in Sources */,
				F6BEF4172624B39600CC82BD /* QuizzTableViewCell.swift in Sources */,
				F6BEF4272624FB9100CC82BD /* QuizzesTableSectionHeaderView.swift in Sources */,
				F6BEF4032623966000CC82BD /* QuizzesViewController.swift in Sources */,
				F644E836264454A300A1E84F /* Quiz.swift in Sources */,
				F644E837264454A300A1E84F /* DataServiceProtocol.swift in Sources */,
				F644E834264454A300A1E84F /* Question.swift in Sources */,
				F6FDC9382621BCBA00644B53 /* SceneDelegate.swift in Sources */,
				7280793BC323CF097AC51E8D /* QuestionViewController.swift in Sources */,
				728074D2631089E5C8CD55DF /* QuizResultViewController.swift in Sources */,
				72807817D72B06D0AA223C5B /* QuestionTrackerView.swift in Sources */,
			);
			runOnlyForDeploymentPostprocessing = 0;
		};
/* End PBXSourcesBuildPhase section */

/* Begin PBXVariantGroup section */
		F6FDC93B2621BCBA00644B53 /* Main.storyboard */ = {
			isa = PBXVariantGroup;
			children = (
				F6FDC93C2621BCBA00644B53 /* Base */,
			);
			name = Main.storyboard;
			sourceTree = "<group>";
		};
		F6FDC9402621BCBD00644B53 /* LaunchScreen.storyboard */ = {
			isa = PBXVariantGroup;
			children = (
				F6FDC9412621BCBD00644B53 /* Base */,
			);
			name = LaunchScreen.storyboard;
			sourceTree = "<group>";
		};
/* End PBXVariantGroup section */

/* Begin XCBuildConfiguration section */
		F6FDC9442621BCBD00644B53 /* Debug */ = {
			isa = XCBuildConfiguration;
			buildSettings = {
				ALWAYS_SEARCH_USER_PATHS = NO;
				CLANG_ANALYZER_NONNULL = YES;
				CLANG_ANALYZER_NUMBER_OBJECT_CONVERSION = YES_AGGRESSIVE;
				CLANG_CXX_LANGUAGE_STANDARD = "gnu++14";
				CLANG_CXX_LIBRARY = "libc++";
				CLANG_ENABLE_MODULES = YES;
				CLANG_ENABLE_OBJC_ARC = YES;
				CLANG_ENABLE_OBJC_WEAK = YES;
				CLANG_WARN_BLOCK_CAPTURE_AUTORELEASING = YES;
				CLANG_WARN_BOOL_CONVERSION = YES;
				CLANG_WARN_COMMA = YES;
				CLANG_WARN_CONSTANT_CONVERSION = YES;
				CLANG_WARN_DEPRECATED_OBJC_IMPLEMENTATIONS = YES;
				CLANG_WARN_DIRECT_OBJC_ISA_USAGE = YES_ERROR;
				CLANG_WARN_DOCUMENTATION_COMMENTS = YES;
				CLANG_WARN_EMPTY_BODY = YES;
				CLANG_WARN_ENUM_CONVERSION = YES;
				CLANG_WARN_INFINITE_RECURSION = YES;
				CLANG_WARN_INT_CONVERSION = YES;
				CLANG_WARN_NON_LITERAL_NULL_CONVERSION = YES;
				CLANG_WARN_OBJC_IMPLICIT_RETAIN_SELF = YES;
				CLANG_WARN_OBJC_LITERAL_CONVERSION = YES;
				CLANG_WARN_OBJC_ROOT_CLASS = YES_ERROR;
				CLANG_WARN_QUOTED_INCLUDE_IN_FRAMEWORK_HEADER = YES;
				CLANG_WARN_RANGE_LOOP_ANALYSIS = YES;
				CLANG_WARN_STRICT_PROTOTYPES = YES;
				CLANG_WARN_SUSPICIOUS_MOVE = YES;
				CLANG_WARN_UNGUARDED_AVAILABILITY = YES_AGGRESSIVE;
				CLANG_WARN_UNREACHABLE_CODE = YES;
				CLANG_WARN__DUPLICATE_METHOD_MATCH = YES;
				COPY_PHASE_STRIP = NO;
				DEBUG_INFORMATION_FORMAT = dwarf;
				ENABLE_STRICT_OBJC_MSGSEND = YES;
				ENABLE_TESTABILITY = YES;
				GCC_C_LANGUAGE_STANDARD = gnu11;
				GCC_DYNAMIC_NO_PIC = NO;
				GCC_NO_COMMON_BLOCKS = YES;
				GCC_OPTIMIZATION_LEVEL = 0;
				GCC_PREPROCESSOR_DEFINITIONS = (
					"DEBUG=1",
					"$(inherited)",
				);
				GCC_WARN_64_TO_32_BIT_CONVERSION = YES;
				GCC_WARN_ABOUT_RETURN_TYPE = YES_ERROR;
				GCC_WARN_UNDECLARED_SELECTOR = YES;
				GCC_WARN_UNINITIALIZED_AUTOS = YES_AGGRESSIVE;
				GCC_WARN_UNUSED_FUNCTION = YES;
				GCC_WARN_UNUSED_VARIABLE = YES;
				IPHONEOS_DEPLOYMENT_TARGET = 14.4;
				MTL_ENABLE_DEBUG_INFO = INCLUDE_SOURCE;
				MTL_FAST_MATH = YES;
				ONLY_ACTIVE_ARCH = YES;
				SDKROOT = iphoneos;
				SWIFT_ACTIVE_COMPILATION_CONDITIONS = DEBUG;
				SWIFT_OPTIMIZATION_LEVEL = "-Onone";
			};
			name = Debug;
		};
		F6FDC9452621BCBD00644B53 /* Release */ = {
			isa = XCBuildConfiguration;
			buildSettings = {
				ALWAYS_SEARCH_USER_PATHS = NO;
				CLANG_ANALYZER_NONNULL = YES;
				CLANG_ANALYZER_NUMBER_OBJECT_CONVERSION = YES_AGGRESSIVE;
				CLANG_CXX_LANGUAGE_STANDARD = "gnu++14";
				CLANG_CXX_LIBRARY = "libc++";
				CLANG_ENABLE_MODULES = YES;
				CLANG_ENABLE_OBJC_ARC = YES;
				CLANG_ENABLE_OBJC_WEAK = YES;
				CLANG_WARN_BLOCK_CAPTURE_AUTORELEASING = YES;
				CLANG_WARN_BOOL_CONVERSION = YES;
				CLANG_WARN_COMMA = YES;
				CLANG_WARN_CONSTANT_CONVERSION = YES;
				CLANG_WARN_DEPRECATED_OBJC_IMPLEMENTATIONS = YES;
				CLANG_WARN_DIRECT_OBJC_ISA_USAGE = YES_ERROR;
				CLANG_WARN_DOCUMENTATION_COMMENTS = YES;
				CLANG_WARN_EMPTY_BODY = YES;
				CLANG_WARN_ENUM_CONVERSION = YES;
				CLANG_WARN_INFINITE_RECURSION = YES;
				CLANG_WARN_INT_CONVERSION = YES;
				CLANG_WARN_NON_LITERAL_NULL_CONVERSION = YES;
				CLANG_WARN_OBJC_IMPLICIT_RETAIN_SELF = YES;
				CLANG_WARN_OBJC_LITERAL_CONVERSION = YES;
				CLANG_WARN_OBJC_ROOT_CLASS = YES_ERROR;
				CLANG_WARN_QUOTED_INCLUDE_IN_FRAMEWORK_HEADER = YES;
				CLANG_WARN_RANGE_LOOP_ANALYSIS = YES;
				CLANG_WARN_STRICT_PROTOTYPES = YES;
				CLANG_WARN_SUSPICIOUS_MOVE = YES;
				CLANG_WARN_UNGUARDED_AVAILABILITY = YES_AGGRESSIVE;
				CLANG_WARN_UNREACHABLE_CODE = YES;
				CLANG_WARN__DUPLICATE_METHOD_MATCH = YES;
				COPY_PHASE_STRIP = NO;
				DEBUG_INFORMATION_FORMAT = "dwarf-with-dsym";
				ENABLE_NS_ASSERTIONS = NO;
				ENABLE_STRICT_OBJC_MSGSEND = YES;
				GCC_C_LANGUAGE_STANDARD = gnu11;
				GCC_NO_COMMON_BLOCKS = YES;
				GCC_WARN_64_TO_32_BIT_CONVERSION = YES;
				GCC_WARN_ABOUT_RETURN_TYPE = YES_ERROR;
				GCC_WARN_UNDECLARED_SELECTOR = YES;
				GCC_WARN_UNINITIALIZED_AUTOS = YES_AGGRESSIVE;
				GCC_WARN_UNUSED_FUNCTION = YES;
				GCC_WARN_UNUSED_VARIABLE = YES;
				IPHONEOS_DEPLOYMENT_TARGET = 14.4;
				MTL_ENABLE_DEBUG_INFO = NO;
				MTL_FAST_MATH = YES;
				SDKROOT = iphoneos;
				SWIFT_COMPILATION_MODE = wholemodule;
				SWIFT_OPTIMIZATION_LEVEL = "-O";
				VALIDATE_PRODUCT = YES;
			};
			name = Release;
		};
		F6FDC9472621BCBD00644B53 /* Debug */ = {
			isa = XCBuildConfiguration;
			baseConfigurationReference = 3414FABEDF0A1F68FC7DE909 /* Pods-QuizApp.debug.xcconfig */;
			buildSettings = {
				ASSETCATALOG_COMPILER_APPICON_NAME = AppIcon;
				ASSETCATALOG_COMPILER_GLOBAL_ACCENT_COLOR_NAME = AccentColor;
				CODE_SIGN_STYLE = Automatic;
				DEVELOPMENT_TEAM = TK9YSJWKU6;
				INFOPLIST_FILE = QuizApp/Info.plist;
				LD_RUNPATH_SEARCH_PATHS = (
					"$(inherited)",
					"@executable_path/Frameworks",
				);
				PRODUCT_BUNDLE_IDENTIFIER = hr.fer.butkovic.matej.QuizApp;
				PRODUCT_NAME = "$(TARGET_NAME)";
				SWIFT_VERSION = 5.0;
				TARGETED_DEVICE_FAMILY = "1,2";
			};
			name = Debug;
		};
		F6FDC9482621BCBD00644B53 /* Release */ = {
			isa = XCBuildConfiguration;
			baseConfigurationReference = D8557CAC6A9C8BE7562F3146 /* Pods-QuizApp.release.xcconfig */;
			buildSettings = {
				ASSETCATALOG_COMPILER_APPICON_NAME = AppIcon;
				ASSETCATALOG_COMPILER_GLOBAL_ACCENT_COLOR_NAME = AccentColor;
				CODE_SIGN_STYLE = Automatic;
				DEVELOPMENT_TEAM = TK9YSJWKU6;
				INFOPLIST_FILE = QuizApp/Info.plist;
				LD_RUNPATH_SEARCH_PATHS = (
					"$(inherited)",
					"@executable_path/Frameworks",
				);
				PRODUCT_BUNDLE_IDENTIFIER = hr.fer.butkovic.matej.QuizApp;
				PRODUCT_NAME = "$(TARGET_NAME)";
				SWIFT_VERSION = 5.0;
				TARGETED_DEVICE_FAMILY = "1,2";
			};
			name = Release;
		};
/* End XCBuildConfiguration section */

/* Begin XCConfigurationList section */
		F6FDC92D2621BCBA00644B53 /* Build configuration list for PBXProject "QuizApp" */ = {
			isa = XCConfigurationList;
			buildConfigurations = (
				F6FDC9442621BCBD00644B53 /* Debug */,
				F6FDC9452621BCBD00644B53 /* Release */,
			);
			defaultConfigurationIsVisible = 0;
			defaultConfigurationName = Release;
		};
		F6FDC9462621BCBD00644B53 /* Build configuration list for PBXNativeTarget "QuizApp" */ = {
			isa = XCConfigurationList;
			buildConfigurations = (
				F6FDC9472621BCBD00644B53 /* Debug */,
				F6FDC9482621BCBD00644B53 /* Release */,
			);
			defaultConfigurationIsVisible = 0;
			defaultConfigurationName = Release;
		};
/* End XCConfigurationList section */
	};
	rootObject = F6FDC92A2621BCBA00644B53 /* Project object */;
}
